PODS:
  - Cuckoo (1.5.0):
    - Cuckoo/Swift (= 1.5.0)
  - Cuckoo/Swift (1.5.0)
  - DifferenceKit (1.2.0):
    - DifferenceKit/Core (= 1.2.0)
    - DifferenceKit/UIKitExtension (= 1.2.0)
  - DifferenceKit/Core (1.2.0)
  - DifferenceKit/UIKitExtension (1.2.0):
    - DifferenceKit/Core
  - Nimble (9.2.0)
  - Quick (4.0.0)

DEPENDENCIES:
  - Cuckoo
  - DifferenceKit
  - Nimble
  - Quick

SPEC REPOS:
  trunk:
    - Cuckoo
    - DifferenceKit
    - Nimble
    - Quick

SPEC CHECKSUMS:
  Cuckoo: 09ff1b7c6613b9c27dafea90702ca32208fe59d3
  DifferenceKit: 5659c430bb7fe45876fa32ce5cba5d6167f0c805
  Nimble: 4f4a345c80b503b3ea13606a4f98405974ee4d0b
  Quick: 6473349e43b9271a8d43839d9ba1c442ed1b7ac4

PODFILE CHECKSUM: 39596467a3aa43e5304d8c3801cf688993ed035f

COCOAPODS: 1.10.1
